// !$*UTF8*$!
{
	archiveVersion = 1;
	classes = {
	};
	objectVersion = 50;
	objects = {

/* Begin PBXBuildFile section */
		1A356E8D2558245400BCD784 /* AppDelegate.swift in Sources */ = {isa = PBXBuildFile; fileRef = 1A356E8C2558245400BCD784 /* AppDelegate.swift */; };
		1A356E8F2558245400BCD784 /* ViewController.swift in Sources */ = {isa = PBXBuildFile; fileRef = 1A356E8E2558245400BCD784 /* ViewController.swift */; };
		1A356E922558245400BCD784 /* Main.storyboard in Resources */ = {isa = PBXBuildFile; fileRef = 1A356E902558245400BCD784 /* Main.storyboard */; };
		1A356E942558245A00BCD784 /* Assets.xcassets in Resources */ = {isa = PBXBuildFile; fileRef = 1A356E932558245A00BCD784 /* Assets.xcassets */; };
		1A356E972558245A00BCD784 /* LaunchScreen.storyboard in Resources */ = {isa = PBXBuildFile; fileRef = 1A356E952558245A00BCD784 /* LaunchScreen.storyboard */; };
		1A356EA22558245A00BCD784 /* JournalProfileTests.swift in Sources */ = {isa = PBXBuildFile; fileRef = 1A356EA12558245A00BCD784 /* JournalProfileTests.swift */; };
		1A356EAD2558245A00BCD784 /* JournalProfileUITests.swift in Sources */ = {isa = PBXBuildFile; fileRef = 1A356EAC2558245A00BCD784 /* JournalProfileUITests.swift */; };
/* End PBXBuildFile section */

/* Begin PBXContainerItemProxy section */
		1A356E9E2558245A00BCD784 /* PBXContainerItemProxy */ = {
			isa = PBXContainerItemProxy;
			containerPortal = 1A356E812558245400BCD784 /* Project object */;
			proxyType = 1;
			remoteGlobalIDString = 1A356E882558245400BCD784;
			remoteInfo = JournalProfile;
		};
		1A356EA92558245A00BCD784 /* PBXContainerItemProxy */ = {
			isa = PBXContainerItemProxy;
			containerPortal = 1A356E812558245400BCD784 /* Project object */;
			proxyType = 1;
			remoteGlobalIDString = 1A356E882558245400BCD784;
			remoteInfo = JournalProfile;
		};
/* End PBXContainerItemProxy section */

/* Begin PBXFileReference section */
		1A356E892558245400BCD784 /* JournalProfile.app */ = {isa = PBXFileReference; explicitFileType = wrapper.application; includeInIndex = 0; path = JournalProfile.app; sourceTree = BUILT_PRODUCTS_DIR; };
		1A356E8C2558245400BCD784 /* AppDelegate.swift */ = {isa = PBXFileReference; lastKnownFileType = sourcecode.swift; path = AppDelegate.swift; sourceTree = "<group>"; };
		1A356E8E2558245400BCD784 /* ViewController.swift */ = {isa = PBXFileReference; lastKnownFileType = sourcecode.swift; path = ViewController.swift; sourceTree = "<group>"; };
		1A356E912558245400BCD784 /* Base */ = {isa = PBXFileReference; lastKnownFileType = file.storyboard; name = Base; path = Base.lproj/Main.storyboard; sourceTree = "<group>"; };
		1A356E932558245A00BCD784 /* Assets.xcassets */ = {isa = PBXFileReference; lastKnownFileType = folder.assetcatalog; path = Assets.xcassets; sourceTree = "<group>"; };
		1A356E962558245A00BCD784 /* Base */ = {isa = PBXFileReference; lastKnownFileType = file.storyboard; name = Base; path = Base.lproj/LaunchScreen.storyboard; sourceTree = "<group>"; };
		1A356E982558245A00BCD784 /* Info.plist */ = {isa = PBXFileReference; lastKnownFileType = text.plist.xml; path = Info.plist; sourceTree = "<group>"; };
		1A356E9D2558245A00BCD784 /* JournalProfileTests.xctest */ = {isa = PBXFileReference; explicitFileType = wrapper.cfbundle; includeInIndex = 0; path = JournalProfileTests.xctest; sourceTree = BUILT_PRODUCTS_DIR; };
		1A356EA12558245A00BCD784 /* JournalProfileTests.swift */ = {isa = PBXFileReference; lastKnownFileType = sourcecode.swift; path = JournalProfileTests.swift; sourceTree = "<group>"; };
		1A356EA32558245A00BCD784 /* Info.plist */ = {isa = PBXFileReference; lastKnownFileType = text.plist.xml; path = Info.plist; sourceTree = "<group>"; };
		1A356EA82558245A00BCD784 /* JournalProfileUITests.xctest */ = {isa = PBXFileReference; explicitFileType = wrapper.cfbundle; includeInIndex = 0; path = JournalProfileUITests.xctest; sourceTree = BUILT_PRODUCTS_DIR; };
		1A356EAC2558245A00BCD784 /* JournalProfileUITests.swift */ = {isa = PBXFileReference; lastKnownFileType = sourcecode.swift; path = JournalProfileUITests.swift; sourceTree = "<group>"; };
		1A356EAE2558245A00BCD784 /* Info.plist */ = {isa = PBXFileReference; lastKnownFileType = text.plist.xml; path = Info.plist; sourceTree = "<group>"; };
/* End PBXFileReference section */

/* Begin PBXFrameworksBuildPhase section */
		1A356E862558245400BCD784 /* Frameworks */ = {
			isa = PBXFrameworksBuildPhase;
			buildActionMask = 2147483647;
			files = (
			);
			runOnlyForDeploymentPostprocessing = 0;
		};
		1A356E9A2558245A00BCD784 /* Frameworks */ = {
			isa = PBXFrameworksBuildPhase;
			buildActionMask = 2147483647;
			files = (
			);
			runOnlyForDeploymentPostprocessing = 0;
		};
		1A356EA52558245A00BCD784 /* Frameworks */ = {
			isa = PBXFrameworksBuildPhase;
			buildActionMask = 2147483647;
			files = (
			);
			runOnlyForDeploymentPostprocessing = 0;
		};
/* End PBXFrameworksBuildPhase section */

/* Begin PBXGroup section */
		1A356E802558245400BCD784 = {
			isa = PBXGroup;
			children = (
				1A356E8B2558245400BCD784 /* JournalProfile */,
				1A356EA02558245A00BCD784 /* JournalProfileTests */,
				1A356EAB2558245A00BCD784 /* JournalProfileUITests */,
				1A356E8A2558245400BCD784 /* Products */,
			);
			sourceTree = "<group>";
		};
		1A356E8A2558245400BCD784 /* Products */ = {
			isa = PBXGroup;
			children = (
				1A356E892558245400BCD784 /* JournalProfile.app */,
				1A356E9D2558245A00BCD784 /* JournalProfileTests.xctest */,
				1A356EA82558245A00BCD784 /* JournalProfileUITests.xctest */,
			);
			name = Products;
			sourceTree = "<group>";
		};
		1A356E8B2558245400BCD784 /* JournalProfile */ = {
			isa = PBXGroup;
			children = (
				1A356E8C2558245400BCD784 /* AppDelegate.swift */,
				1A356E8E2558245400BCD784 /* ViewController.swift */,
				1A356E902558245400BCD784 /* Main.storyboard */,
				1A356E932558245A00BCD784 /* Assets.xcassets */,
				1A356E952558245A00BCD784 /* LaunchScreen.storyboard */,
				1A356E982558245A00BCD784 /* Info.plist */,
			);
			path = JournalProfile;
			sourceTree = "<group>";
		};
		1A356EA02558245A00BCD784 /* JournalProfileTests */ = {
			isa = PBXGroup;
			children = (
				1A356EA12558245A00BCD784 /* JournalProfileTests.swift */,
				1A356EA32558245A00BCD784 /* Info.plist */,
			);
			path = JournalProfileTests;
			sourceTree = "<group>";
		};
		1A356EAB2558245A00BCD784 /* JournalProfileUITests */ = {
			isa = PBXGroup;
			children = (
				1A356EAC2558245A00BCD784 /* JournalProfileUITests.swift */,
				1A356EAE2558245A00BCD784 /* Info.plist */,
			);
			path = JournalProfileUITests;
			sourceTree = "<group>";
		};
/* End PBXGroup section */

/* Begin PBXNativeTarget section */
		1A356E882558245400BCD784 /* JournalProfile */ = {
			isa = PBXNativeTarget;
			buildConfigurationList = 1A356EB12558245A00BCD784 /* Build configuration list for PBXNativeTarget "JournalProfile" */;
			buildPhases = (
				1A356E852558245400BCD784 /* Sources */,
				1A356E862558245400BCD784 /* Frameworks */,
				1A356E872558245400BCD784 /* Resources */,
			);
			buildRules = (
			);
			dependencies = (
			);
			name = JournalProfile;
			productName = JournalProfile;
			productReference = 1A356E892558245400BCD784 /* JournalProfile.app */;
			productType = "com.apple.product-type.application";
		};
		1A356E9C2558245A00BCD784 /* JournalProfileTests */ = {
			isa = PBXNativeTarget;
			buildConfigurationList = 1A356EB42558245A00BCD784 /* Build configuration list for PBXNativeTarget "JournalProfileTests" */;
			buildPhases = (
				1A356E992558245A00BCD784 /* Sources */,
				1A356E9A2558245A00BCD784 /* Frameworks */,
				1A356E9B2558245A00BCD784 /* Resources */,
			);
			buildRules = (
			);
			dependencies = (
				1A356E9F2558245A00BCD784 /* PBXTargetDependency */,
			);
			name = JournalProfileTests;
			productName = JournalProfileTests;
			productReference = 1A356E9D2558245A00BCD784 /* JournalProfileTests.xctest */;
			productType = "com.apple.product-type.bundle.unit-test";
		};
		1A356EA72558245A00BCD784 /* JournalProfileUITests */ = {
			isa = PBXNativeTarget;
			buildConfigurationList = 1A356EB72558245A00BCD784 /* Build configuration list for PBXNativeTarget "JournalProfileUITests" */;
			buildPhases = (
				1A356EA42558245A00BCD784 /* Sources */,
				1A356EA52558245A00BCD784 /* Frameworks */,
				1A356EA62558245A00BCD784 /* Resources */,
			);
			buildRules = (
			);
			dependencies = (
				1A356EAA2558245A00BCD784 /* PBXTargetDependency */,
			);
			name = JournalProfileUITests;
			productName = JournalProfileUITests;
			productReference = 1A356EA82558245A00BCD784 /* JournalProfileUITests.xctest */;
			productType = "com.apple.product-type.bundle.ui-testing";
		};
/* End PBXNativeTarget section */

/* Begin PBXProject section */
		1A356E812558245400BCD784 /* Project object */ = {
			isa = PBXProject;
			attributes = {
				LastSwiftUpdateCheck = 1000;
				LastUpgradeCheck = 1000;
				ORGANIZATIONNAME = "Cathy Yue";
				TargetAttributes = {
					1A356E882558245400BCD784 = {
						CreatedOnToolsVersion = 10.0;
					};
					1A356E9C2558245A00BCD784 = {
						CreatedOnToolsVersion = 10.0;
						TestTargetID = 1A356E882558245400BCD784;
					};
					1A356EA72558245A00BCD784 = {
						CreatedOnToolsVersion = 10.0;
						TestTargetID = 1A356E882558245400BCD784;
					};
				};
			};
			buildConfigurationList = 1A356E842558245400BCD784 /* Build configuration list for PBXProject "JournalProfile" */;
			compatibilityVersion = "Xcode 9.3";
			developmentRegion = en;
			hasScannedForEncodings = 0;
			knownRegions = (
				en,
				Base,
			);
			mainGroup = 1A356E802558245400BCD784;
			productRefGroup = 1A356E8A2558245400BCD784 /* Products */;
			projectDirPath = "";
			projectRoot = "";
			targets = (
				1A356E882558245400BCD784 /* JournalProfile */,
				1A356E9C2558245A00BCD784 /* JournalProfileTests */,
				1A356EA72558245A00BCD784 /* JournalProfileUITests */,
			);
		};
/* End PBXProject section */

/* Begin PBXResourcesBuildPhase section */
		1A356E872558245400BCD784 /* Resources */ = {
			isa = PBXResourcesBuildPhase;
			buildActionMask = 2147483647;
			files = (
				1A356E972558245A00BCD784 /* LaunchScreen.storyboard in Resources */,
				1A356E942558245A00BCD784 /* Assets.xcassets in Resources */,
				1A356E922558245400BCD784 /* Main.storyboard in Resources */,
			);
			runOnlyForDeploymentPostprocessing = 0;
		};
		1A356E9B2558245A00BCD784 /* Resources */ = {
			isa = PBXResourcesBuildPhase;
			buildActionMask = 2147483647;
			files = (
			);
			runOnlyForDeploymentPostprocessing = 0;
		};
		1A356EA62558245A00BCD784 /* Resources */ = {
			isa = PBXResourcesBuildPhase;
			buildActionMask = 2147483647;
			files = (
			);
			runOnlyForDeploymentPostprocessing = 0;
		};
/* End PBXResourcesBuildPhase section */

/* Begin PBXSourcesBuildPhase section */
		1A356E852558245400BCD784 /* Sources */ = {
			isa = PBXSourcesBuildPhase;
			buildActionMask = 2147483647;
			files = (
				1A356E8F2558245400BCD784 /* ViewController.swift in Sources */,
				1A356E8D2558245400BCD784 /* AppDelegate.swift in Sources */,
			);
			runOnlyForDeploymentPostprocessing = 0;
		};
		1A356E992558245A00BCD784 /* Sources */ = {
			isa = PBXSourcesBuildPhase;
			buildActionMask = 2147483647;
			files = (
				1A356EA22558245A00BCD784 /* JournalProfileTests.swift in Sources */,
			);
			runOnlyForDeploymentPostprocessing = 0;
		};
		1A356EA42558245A00BCD784 /* Sources */ = {
			isa = PBXSourcesBuildPhase;
			buildActionMask = 2147483647;
			files = (
				1A356EAD2558245A00BCD784 /* JournalProfileUITests.swift in Sources */,
			);
			runOnlyForDeploymentPostprocessing = 0;
		};
/* End PBXSourcesBuildPhase section */

/* Begin PBXTargetDependency section */
		1A356E9F2558245A00BCD784 /* PBXTargetDependency */ = {
			isa = PBXTargetDependency;
			target = 1A356E882558245400BCD784 /* JournalProfile */;
			targetProxy = 1A356E9E2558245A00BCD784 /* PBXContainerItemProxy */;
		};
		1A356EAA2558245A00BCD784 /* PBXTargetDependency */ = {
			isa = PBXTargetDependency;
			target = 1A356E882558245400BCD784 /* JournalProfile */;
			targetProxy = 1A356EA92558245A00BCD784 /* PBXContainerItemProxy */;
		};
/* End PBXTargetDependency section */

/* Begin PBXVariantGroup section */
		1A356E902558245400BCD784 /* Main.storyboard */ = {
			isa = PBXVariantGroup;
			children = (
				1A356E912558245400BCD784 /* Base */,
			);
			name = Main.storyboard;
			sourceTree = "<group>";
		};
		1A356E952558245A00BCD784 /* LaunchScreen.storyboard */ = {
			isa = PBXVariantGroup;
			children = (
				1A356E962558245A00BCD784 /* Base */,
			);
			name = LaunchScreen.storyboard;
			sourceTree = "<group>";
		};
/* End PBXVariantGroup section */

/* Begin XCBuildConfiguration section */
		1A356EAF2558245A00BCD784 /* Debug */ = {
			isa = XCBuildConfiguration;
			buildSettings = {
				ALWAYS_SEARCH_USER_PATHS = NO;
				CLANG_ANALYZER_NONNULL = YES;
				CLANG_ANALYZER_NUMBER_OBJECT_CONVERSION = YES_AGGRESSIVE;
				CLANG_CXX_LANGUAGE_STANDARD = "gnu++14";
				CLANG_CXX_LIBRARY = "libc++";
				CLANG_ENABLE_MODULES = YES;
				CLANG_ENABLE_OBJC_ARC = YES;
				CLANG_ENABLE_OBJC_WEAK = YES;
				CLANG_WARN_BLOCK_CAPTURE_AUTORELEASING = YES;
				CLANG_WARN_BOOL_CONVERSION = YES;
				CLANG_WARN_COMMA = YES;
				CLANG_WARN_CONSTANT_CONVERSION = YES;
				CLANG_WARN_DEPRECATED_OBJC_IMPLEMENTATIONS = YES;
				CLANG_WARN_DIRECT_OBJC_ISA_USAGE = YES_ERROR;
				CLANG_WARN_DOCUMENTATION_COMMENTS = YES;
				CLANG_WARN_EMPTY_BODY = YES;
				CLANG_WARN_ENUM_CONVERSION = YES;
				CLANG_WARN_INFINITE_RECURSION = YES;
				CLANG_WARN_INT_CONVERSION = YES;
				CLANG_WARN_NON_LITERAL_NULL_CONVERSION = YES;
				CLANG_WARN_OBJC_IMPLICIT_RETAIN_SELF = YES;
				CLANG_WARN_OBJC_LITERAL_CONVERSION = YES;
				CLANG_WARN_OBJC_ROOT_CLASS = YES_ERROR;
				CLANG_WARN_RANGE_LOOP_ANALYSIS = YES;
				CLANG_WARN_STRICT_PROTOTYPES = YES;
				CLANG_WARN_SUSPICIOUS_MOVE = YES;
				CLANG_WARN_UNGUARDED_AVAILABILITY = YES_AGGRESSIVE;
				CLANG_WARN_UNREACHABLE_CODE = YES;
				CLANG_WARN__DUPLICATE_METHOD_MATCH = YES;
				CODE_SIGN_IDENTITY = "iPhone Developer";
				COPY_PHASE_STRIP = NO;
				DEBUG_INFORMATION_FORMAT = dwarf;
				ENABLE_STRICT_OBJC_MSGSEND = YES;
				ENABLE_TESTABILITY = YES;
				GCC_C_LANGUAGE_STANDARD = gnu11;
				GCC_DYNAMIC_NO_PIC = NO;
				GCC_NO_COMMON_BLOCKS = YES;
				GCC_OPTIMIZATION_LEVEL = 0;
				GCC_PREPROCESSOR_DEFINITIONS = (
					"DEBUG=1",
					"$(inherited)",
				);
				GCC_WARN_64_TO_32_BIT_CONVERSION = YES;
				GCC_WARN_ABOUT_RETURN_TYPE = YES_ERROR;
				GCC_WARN_UNDECLARED_SELECTOR = YES;
				GCC_WARN_UNINITIALIZED_AUTOS = YES_AGGRESSIVE;
				GCC_WARN_UNUSED_FUNCTION = YES;
				GCC_WARN_UNUSED_VARIABLE = YES;
				IPHONEOS_DEPLOYMENT_TARGET = 12.0;
				MTL_ENABLE_DEBUG_INFO = INCLUDE_SOURCE;
				MTL_FAST_MATH = YES;
				ONLY_ACTIVE_ARCH = YES;
				SDKROOT = iphoneos;
				SWIFT_ACTIVE_COMPILATION_CONDITIONS = DEBUG;
				SWIFT_OPTIMIZATION_LEVEL = "-Onone";
			};
			name = Debug;
		};
		1A356EB02558245A00BCD784 /* Release */ = {
			isa = XCBuildConfiguration;
			buildSettings = {
				ALWAYS_SEARCH_USER_PATHS = NO;
				CLANG_ANALYZER_NONNULL = YES;
				CLANG_ANALYZER_NUMBER_OBJECT_CONVERSION = YES_AGGRESSIVE;
				CLANG_CXX_LANGUAGE_STANDARD = "gnu++14";
				CLANG_CXX_LIBRARY = "libc++";
				CLANG_ENABLE_MODULES = YES;
				CLANG_ENABLE_OBJC_ARC = YES;
				CLANG_ENABLE_OBJC_WEAK = YES;
				CLANG_WARN_BLOCK_CAPTURE_AUTORELEASING = YES;
				CLANG_WARN_BOOL_CONVERSION = YES;
				CLANG_WARN_COMMA = YES;
				CLANG_WARN_CONSTANT_CONVERSION = YES;
				CLANG_WARN_DEPRECATED_OBJC_IMPLEMENTATIONS = YES;
				CLANG_WARN_DIRECT_OBJC_ISA_USAGE = YES_ERROR;
				CLANG_WARN_DOCUMENTATION_COMMENTS = YES;
				CLANG_WARN_EMPTY_BODY = YES;
				CLANG_WARN_ENUM_CONVERSION = YES;
				CLANG_WARN_INFINITE_RECURSION = YES;
				CLANG_WARN_INT_CONVERSION = YES;
				CLANG_WARN_NON_LITERAL_NULL_CONVERSION = YES;
				CLANG_WARN_OBJC_IMPLICIT_RETAIN_SELF = YES;
				CLANG_WARN_OBJC_LITERAL_CONVERSION = YES;
				CLANG_WARN_OBJC_ROOT_CLASS = YES_ERROR;
				CLANG_WARN_RANGE_LOOP_ANALYSIS = YES;
				CLANG_WARN_STRICT_PROTOTYPES = YES;
				CLANG_WARN_SUSPICIOUS_MOVE = YES;
				CLANG_WARN_UNGUARDED_AVAILABILITY = YES_AGGRESSIVE;
				CLANG_WARN_UNREACHABLE_CODE = YES;
				CLANG_WARN__DUPLICATE_METHOD_MATCH = YES;
				CODE_SIGN_IDENTITY = "iPhone Developer";
				COPY_PHASE_STRIP = NO;
				DEBUG_INFORMATION_FORMAT = "dwarf-with-dsym";
				ENABLE_NS_ASSERTIONS = NO;
				ENABLE_STRICT_OBJC_MSGSEND = YES;
				GCC_C_LANGUAGE_STANDARD = gnu11;
				GCC_NO_COMMON_BLOCKS = YES;
				GCC_WARN_64_TO_32_BIT_CONVERSION = YES;
				GCC_WARN_ABOUT_RETURN_TYPE = YES_ERROR;
				GCC_WARN_UNDECLARED_SELECTOR = YES;
				GCC_WARN_UNINITIALIZED_AUTOS = YES_AGGRESSIVE;
				GCC_WARN_UNUSED_FUNCTION = YES;
				GCC_WARN_UNUSED_VARIABLE = YES;
				IPHONEOS_DEPLOYMENT_TARGET = 12.0;
				MTL_ENABLE_DEBUG_INFO = NO;
				MTL_FAST_MATH = YES;
				SDKROOT = iphoneos;
				SWIFT_COMPILATION_MODE = wholemodule;
				SWIFT_OPTIMIZATION_LEVEL = "-O";
				VALIDATE_PRODUCT = YES;
			};
			name = Release;
		};
		1A356EB22558245A00BCD784 /* Debug */ = {
			isa = XCBuildConfiguration;
			buildSettings = {
				ASSETCATALOG_COMPILER_APPICON_NAME = AppIcon;
				CODE_SIGN_STYLE = Automatic;
				INFOPLIST_FILE = JournalProfile/Info.plist;
				LD_RUNPATH_SEARCH_PATHS = (
					"$(inherited)",
					"@executable_path/Frameworks",
				);
				PRODUCT_BUNDLE_IDENTIFIER = codepath.JournalProfile;
				PRODUCT_NAME = "$(TARGET_NAME)";
				SWIFT_VERSION = 4.2;
				TARGETED_DEVICE_FAMILY = "1,2";
			};
			name = Debug;
		};
		1A356EB32558245A00BCD784 /* Release */ = {
			isa = XCBuildConfiguration;
			buildSettings = {
				ASSETCATALOG_COMPILER_APPICON_NAME = AppIcon;
				CODE_SIGN_STYLE = Automatic;
				INFOPLIST_FILE = JournalProfile/Info.plist;
				LD_RUNPATH_SEARCH_PATHS = (
					"$(inherited)",
					"@executable_path/Frameworks",
				);
				PRODUCT_BUNDLE_IDENTIFIER = codepath.JournalProfile;
				PRODUCT_NAME = "$(TARGET_NAME)";
				SWIFT_VERSION = 4.2;
				TARGETED_DEVICE_FAMILY = "1,2";
			};
			name = Release;
		};
		1A356EB52558245A00BCD784 /* Debug */ = {
			isa = XCBuildConfiguration;
			buildSettings = {
				ALWAYS_EMBED_SWIFT_STANDARD_LIBRARIES = YES;
				BUNDLE_LOADER = "$(TEST_HOST)";
				CODE_SIGN_STYLE = Automatic;
				INFOPLIST_FILE = JournalProfileTests/Info.plist;
				LD_RUNPATH_SEARCH_PATHS = (
					"$(inherited)",
					"@executable_path/Frameworks",
					"@loader_path/Frameworks",
				);
				PRODUCT_BUNDLE_IDENTIFIER = codepath.JournalProfileTests;
				PRODUCT_NAME = "$(TARGET_NAME)";
				SWIFT_VERSION = 4.2;
				TARGETED_DEVICE_FAMILY = "1,2";
				TEST_HOST = "$(BUILT_PRODUCTS_DIR)/JournalProfile.app/JournalProfile";
			};
			name = Debug;
		};
		1A356EB62558245A00BCD784 /* Release */ = {
			isa = XCBuildConfiguration;
			buildSettings = {
				ALWAYS_EMBED_SWIFT_STANDARD_LIBRARIES = YES;
				BUNDLE_LOADER = "$(TEST_HOST)";
				CODE_SIGN_STYLE = Automatic;
				INFOPLIST_FILE = JournalProfileTests/Info.plist;
				LD_RUNPATH_SEARCH_PATHS = (
					"$(inherited)",
					"@executable_path/Frameworks",
					"@loader_path/Frameworks",
				);
				PRODUCT_BUNDLE_IDENTIFIER = codepath.JournalProfileTests;
				PRODUCT_NAME = "$(TARGET_NAME)";
				SWIFT_VERSION = 4.2;
				TARGETED_DEVICE_FAMILY = "1,2";
				TEST_HOST = "$(BUILT_PRODUCTS_DIR)/JournalProfile.app/JournalProfile";
			};
			name = Release;
		};
		1A356EB82558245A00BCD784 /* Debug */ = {
			isa = XCBuildConfiguration;
			buildSettings = {
				ALWAYS_EMBED_SWIFT_STANDARD_LIBRARIES = YES;
				CODE_SIGN_STYLE = Automatic;
				INFOPLIST_FILE = JournalProfileUITests/Info.plist;
				LD_RUNPATH_SEARCH_PATHS = (
					"$(inherited)",
					"@executable_path/Frameworks",
					"@loader_path/Frameworks",
				);
				PRODUCT_BUNDLE_IDENTIFIER = codepath.JournalProfileUITests;
				PRODUCT_NAME = "$(TARGET_NAME)";
				SWIFT_VERSION = 4.2;
				TARGETED_DEVICE_FAMILY = "1,2";
				TEST_TARGET_NAME = JournalProfile;
			};
			name = Debug;
		};
		1A356EB92558245A00BCD784 /* Release */ = {
			isa = XCBuildConfiguration;
			buildSettings = {
				ALWAYS_EMBED_SWIFT_STANDARD_LIBRARIES = YES;
				CODE_SIGN_STYLE = Automatic;
				INFOPLIST_FILE = JournalProfileUITests/Info.plist;
				LD_RUNPATH_SEARCH_PATHS = (
					"$(inherited)",
					"@executable_path/Frameworks",
					"@loader_path/Frameworks",
				);
				PRODUCT_BUNDLE_IDENTIFIER = codepath.JournalProfileUITests;
				PRODUCT_NAME = "$(TARGET_NAME)";
				SWIFT_VERSION = 4.2;
				TARGETED_DEVICE_FAMILY = "1,2";
				TEST_TARGET_NAME = JournalProfile;
			};
			name = Release;
		};
/* End XCBuildConfiguration section */

/* Begin XCConfigurationList section */
		1A356E842558245400BCD784 /* Build configuration list for PBXProject "JournalProfile" */ = {
			isa = XCConfigurationList;
			buildConfigurations = (
				1A356EAF2558245A00BCD784 /* Debug */,
				1A356EB02558245A00BCD784 /* Release */,
			);
			defaultConfigurationIsVisible = 0;
			defaultConfigurationName = Release;
		};
		1A356EB12558245A00BCD784 /* Build configuration list for PBXNativeTarget "JournalProfile" */ = {
			isa = XCConfigurationList;
			buildConfigurations = (
				1A356EB22558245A00BCD784 /* Debug */,
				1A356EB32558245A00BCD784 /* Release */,
			);
			defaultConfigurationIsVisible = 0;
			defaultConfigurationName = Release;
		};
		1A356EB42558245A00BCD784 /* Build configuration list for PBXNativeTarget "JournalProfileTests" */ = {
			isa = XCConfigurationList;
			buildConfigurations = (
				1A356EB52558245A00BCD784 /* Debug */,
				1A356EB62558245A00BCD784 /* Release */,
			);
			defaultConfigurationIsVisible = 0;
			defaultConfigurationName = Release;
		};
		1A356EB72558245A00BCD784 /* Build configuration list for PBXNativeTarget "JournalProfileUITests" */ = {
			isa = XCConfigurationList;
			buildConfigurations = (
				1A356EB82558245A00BCD784 /* Debug */,
				1A356EB92558245A00BCD784 /* Release */,
			);
			defaultConfigurationIsVisible = 0;
			defaultConfigurationName = Release;
		};
/* End XCConfigurationList section */
	};
	rootObject = 1A356E812558245400BCD784 /* Project object */;
}
